
Microsoft Visual Studio Solution File, Format Version 12.00
# Visual Studio Version 16
VisualStudioVersion = 16.0.32413.511
MinimumVisualStudioVersion = 10.0.40219.1
Project("{FAE04EC0-301F-11D3-BF4B-00C04F79EFBC}") = "SystemPlugin", "SystemPlugin\SystemPlugin.csproj", "{0E6565A5-211E-4077-BE00-B79F299479A8}"
EndProject
Global
	GlobalSection(SolutionConfigurationPlatforms) = preSolution
		Debug|Any CPU = Debug|Any CPU
		Release|Any CPU = Release|Any CPU
	EndGlobalSection
	GlobalSection(ProjectConfigurationPlatforms) = postSolution
		{0E6565A5-211E-4077-BE00-B79F299479A8}.Debug|Any CPU.ActiveCfg = Debug|Any CPU
		{0E6565A5-211E-4077-BE00-B79F299479A8}.Debug|Any CPU.Build.0 = Debug|Any CPU
		{0E6565A5-211E-4077-BE00-B79F299479A8}.Release|Any CPU.ActiveCfg = Release|Any CPU
		{0E6565A5-211E-4077-BE00-B79F299479A8}.Release|Any CPU.Build.0 = Release|Any CPU
	EndGlobalSection
	GlobalSection(SolutionProperties) = preSolution
		HideSolutionNode = FALSE
	EndGlobalSection
	GlobalSection(ExtensibilityGlobals) = postSolution
		SolutionGuid = {2A20D86C-757F-4FC5-9B10-521FDC7AF118}
	EndGlobalSection
EndGlobal
